
Microsoft Visual Studio Solution File, Format Version 12.00
# Visual Studio 15
VisualStudioVersion = 15.0.33026.149
MinimumVisualStudioVersion = 10.0.40219.1
Project("{FAE04EC0-301F-11D3-BF4B-00C04F79EFBC}") = "MVCdemoApp", "MVCdemoApp\MVCdemoApp.csproj", "{B5EAAB13-8923-4773-95F5-005B23C2B99A}"
EndProject
Global
	GlobalSection(SolutionConfigurationPlatforms) = preSolution
		Debug|Any CPU = Debug|Any CPU
		Release|Any CPU = Release|Any CPU
	EndGlobalSection
	GlobalSection(ProjectConfigurationPlatforms) = postSolution
		{B5EAAB13-8923-4773-95F5-005B23C2B99A}.Debug|Any CPU.ActiveCfg = Debug|Any CPU
		{B5EAAB13-8923-4773-95F5-005B23C2B99A}.Debug|Any CPU.Build.0 = Debug|Any CPU
		{B5EAAB13-8923-4773-95F5-005B23C2B99A}.Release|Any CPU.ActiveCfg = Release|Any CPU
		{B5EAAB13-8923-4773-95F5-005B23C2B99A}.Release|Any CPU.Build.0 = Release|Any CPU
	EndGlobalSection
	GlobalSection(SolutionProperties) = preSolution
		HideSolutionNode = FALSE
	EndGlobalSection
	GlobalSection(ExtensibilityGlobals) = postSolution
		SolutionGuid = {47BDC587-1961-4408-A0C5-3ECB1B33B28D}
	EndGlobalSection
EndGlobal
